
Microsoft Visual Studio Solution File, Format Version 12.00
# Visual Studio 14
VisualStudioVersion = 14.0.25420.1
MinimumVisualStudioVersion = 10.0.40219.1
Project("{FAE04EC0-301F-11D3-BF4B-00C04F79EFBC}") = "LatihanOverloadingMethod", "LatihanOverloadingMethod\LatihanOverloadingMethod.csproj", "{48FD88EB-E15C-419D-84B4-24311F3FDBCD}"
EndProject
Global
	GlobalSection(SolutionConfigurationPlatforms) = preSolution
		Debug|Any CPU = Debug|Any CPU
		Release|Any CPU = Release|Any CPU
	EndGlobalSection
	GlobalSection(ProjectConfigurationPlatforms) = postSolution
		{48FD88EB-E15C-419D-84B4-24311F3FDBCD}.Debug|Any CPU.ActiveCfg = Debug|Any CPU
		{48FD88EB-E15C-419D-84B4-24311F3FDBCD}.Debug|Any CPU.Build.0 = Debug|Any CPU
		{48FD88EB-E15C-419D-84B4-24311F3FDBCD}.Release|Any CPU.ActiveCfg = Release|Any CPU
		{48FD88EB-E15C-419D-84B4-24311F3FDBCD}.Release|Any CPU.Build.0 = Release|Any CPU
	EndGlobalSection
	GlobalSection(SolutionProperties) = preSolution
		HideSolutionNode = FALSE
	EndGlobalSection
EndGlobal
